
Microsoft Visual Studio Solution File, Format Version 12.00
# Visual Studio Version 17
VisualStudioVersion = 17.0.31919.166
MinimumVisualStudioVersion = 10.0.40219.1
Project("{9A19103F-16F7-4668-BE54-9A1E7A4F7556}") = "DecoratorPattern", "DecoratorPattern\DecoratorPattern.csproj", "{F5EDE887-D555-4F4B-A9A7-A32429E37F58}"
EndProject
Project("{9A19103F-16F7-4668-BE54-9A1E7A4F7556}") = "ObserverPattern", "ObserverPattern\ObserverPattern.csproj", "{14B17D07-7763-464E-8F65-2F5B897762CA}"
EndProject
Global
	GlobalSection(SolutionConfigurationPlatforms) = preSolution
		Debug|Any CPU = Debug|Any CPU
		Release|Any CPU = Release|Any CPU
	EndGlobalSection
	GlobalSection(ProjectConfigurationPlatforms) = postSolution
		{F5EDE887-D555-4F4B-A9A7-A32429E37F58}.Debug|Any CPU.ActiveCfg = Debug|Any CPU
		{F5EDE887-D555-4F4B-A9A7-A32429E37F58}.Debug|Any CPU.Build.0 = Debug|Any CPU
		{F5EDE887-D555-4F4B-A9A7-A32429E37F58}.Release|Any CPU.ActiveCfg = Release|Any CPU
		{F5EDE887-D555-4F4B-A9A7-A32429E37F58}.Release|Any CPU.Build.0 = Release|Any CPU
		{14B17D07-7763-464E-8F65-2F5B897762CA}.Debug|Any CPU.ActiveCfg = Debug|Any CPU
		{14B17D07-7763-464E-8F65-2F5B897762CA}.Debug|Any CPU.Build.0 = Debug|Any CPU
		{14B17D07-7763-464E-8F65-2F5B897762CA}.Release|Any CPU.ActiveCfg = Release|Any CPU
		{14B17D07-7763-464E-8F65-2F5B897762CA}.Release|Any CPU.Build.0 = Release|Any CPU
	EndGlobalSection
	GlobalSection(SolutionProperties) = preSolution
		HideSolutionNode = FALSE
	EndGlobalSection
	GlobalSection(ExtensibilityGlobals) = postSolution
		SolutionGuid = {B554B811-CE9D-4479-B5A6-1908C0571BFD}
	EndGlobalSection
EndGlobal
